
Microsoft Visual Studio Solution File, Format Version 12.00
Project("{FAE04EC0-301F-11D3-BF4B-00C04F79EFBC}") = "Server", "Server\Server.csproj", "{2B7FBB5A-F2CE-488D-A021-ED7A1498B470}"
EndProject
Global
	GlobalSection(SolutionConfigurationPlatforms) = preSolution
		Debug|Any CPU = Debug|Any CPU
		Release|Any CPU = Release|Any CPU
	EndGlobalSection
	GlobalSection(ProjectConfigurationPlatforms) = postSolution
		{2B7FBB5A-F2CE-488D-A021-ED7A1498B470}.Debug|Any CPU.ActiveCfg = Debug|Any CPU
		{2B7FBB5A-F2CE-488D-A021-ED7A1498B470}.Debug|Any CPU.Build.0 = Debug|Any CPU
		{2B7FBB5A-F2CE-488D-A021-ED7A1498B470}.Release|Any CPU.ActiveCfg = Release|Any CPU
		{2B7FBB5A-F2CE-488D-A021-ED7A1498B470}.Release|Any CPU.Build.0 = Release|Any CPU
	EndGlobalSection
EndGlobal
